// !$*UTF8*$!
{
	archiveVersion = 1;
	classes = {
	};
	objectVersion = 56;
	objects = {

/* Begin PBXBuildFile section */
		C9377D242CA24EBC00D51356 /* InquiryModel.swift in Sources */ = {isa = PBXBuildFile; fileRef = C9377D232CA24EBC00D51356 /* InquiryModel.swift */; };
		C9377D262CA24EF900D51356 /* SurveyModel.swift in Sources */ = {isa = PBXBuildFile; fileRef = C9377D252CA24EF900D51356 /* SurveyModel.swift */; };
		C9377D292CA24F2C00D51356 /* MockServer.swift in Sources */ = {isa = PBXBuildFile; fileRef = C9377D282CA24F2C00D51356 /* MockServer.swift */; };
		C9377D2C2CA24F6E00D51356 /* Logger.swift in Sources */ = {isa = PBXBuildFile; fileRef = C9377D2B2CA24F6E00D51356 /* Logger.swift */; };
		C9377D2E2CA24F9200D51356 /* db.json in Resources */ = {isa = PBXBuildFile; fileRef = C9377D2D2CA24F9200D51356 /* db.json */; };
		C99701AD2C9A468F009A3039 /* SurveyApp.swift in Sources */ = {isa = PBXBuildFile; fileRef = C99701AC2C9A468F009A3039 /* SurveyApp.swift */; };
		C99701AF2C9A468F009A3039 /* ContentView.swift in Sources */ = {isa = PBXBuildFile; fileRef = C99701AE2C9A468F009A3039 /* ContentView.swift */; };
		C99701B12C9A468F009A3039 /* Item.swift in Sources */ = {isa = PBXBuildFile; fileRef = C99701B02C9A468F009A3039 /* Item.swift */; };
		C99701B32C9A4690009A3039 /* Assets.xcassets in Resources */ = {isa = PBXBuildFile; fileRef = C99701B22C9A4690009A3039 /* Assets.xcassets */; };
		C99701B62C9A4690009A3039 /* Preview Assets.xcassets in Resources */ = {isa = PBXBuildFile; fileRef = C99701B52C9A4690009A3039 /* Preview Assets.xcassets */; };
		C99701C12C9A4690009A3039 /* SurveyTests.swift in Sources */ = {isa = PBXBuildFile; fileRef = C99701C02C9A4690009A3039 /* SurveyTests.swift */; };
		C99701CB2C9A4690009A3039 /* SurveyUITests.swift in Sources */ = {isa = PBXBuildFile; fileRef = C99701CA2C9A4690009A3039 /* SurveyUITests.swift */; };
		C99701CD2C9A4690009A3039 /* SurveyUITestsLaunchTests.swift in Sources */ = {isa = PBXBuildFile; fileRef = C99701CC2C9A4690009A3039 /* SurveyUITestsLaunchTests.swift */; };
		C99701DC2C9A4893009A3039 /* SwiftUIX in Frameworks */ = {isa = PBXBuildFile; productRef = C99701DB2C9A4893009A3039 /* SwiftUIX */; };
		C99701E02C9A4F21009A3039 /* SurveyView.swift in Sources */ = {isa = PBXBuildFile; fileRef = C99701DF2C9A4F21009A3039 /* SurveyView.swift */; };
		C99701E22C9A63BE009A3039 /* SwiftUIX in Frameworks */ = {isa = PBXBuildFile; productRef = C99701E12C9A63BE009A3039 /* SwiftUIX */; };
/* End PBXBuildFile section */

/* Begin PBXContainerItemProxy section */
		C99701BD2C9A4690009A3039 /* PBXContainerItemProxy */ = {
			isa = PBXContainerItemProxy;
			containerPortal = C99701A12C9A468F009A3039 /* Project object */;
			proxyType = 1;
			remoteGlobalIDString = C99701A82C9A468F009A3039;
			remoteInfo = Survey;
		};
		C99701C72C9A4690009A3039 /* PBXContainerItemProxy */ = {
			isa = PBXContainerItemProxy;
			containerPortal = C99701A12C9A468F009A3039 /* Project object */;
			proxyType = 1;
			remoteGlobalIDString = C99701A82C9A468F009A3039;
			remoteInfo = Survey;
		};
/* End PBXContainerItemProxy section */

/* Begin PBXFileReference section */
		C9377D232CA24EBC00D51356 /* InquiryModel.swift */ = {isa = PBXFileReference; lastKnownFileType = sourcecode.swift; path = InquiryModel.swift; sourceTree = "<group>"; };
		C9377D252CA24EF900D51356 /* SurveyModel.swift */ = {isa = PBXFileReference; lastKnownFileType = sourcecode.swift; path = SurveyModel.swift; sourceTree = "<group>"; };
		C9377D282CA24F2C00D51356 /* MockServer.swift */ = {isa = PBXFileReference; lastKnownFileType = sourcecode.swift; path = MockServer.swift; sourceTree = "<group>"; };
		C9377D2B2CA24F6E00D51356 /* Logger.swift */ = {isa = PBXFileReference; lastKnownFileType = sourcecode.swift; path = Logger.swift; sourceTree = "<group>"; };
		C9377D2D2CA24F9200D51356 /* db.json */ = {isa = PBXFileReference; lastKnownFileType = text.json; path = db.json; sourceTree = "<group>"; };
		C99701A92C9A468F009A3039 /* Survey.app */ = {isa = PBXFileReference; explicitFileType = wrapper.application; includeInIndex = 0; path = Survey.app; sourceTree = BUILT_PRODUCTS_DIR; };
		C99701AC2C9A468F009A3039 /* SurveyApp.swift */ = {isa = PBXFileReference; lastKnownFileType = sourcecode.swift; path = SurveyApp.swift; sourceTree = "<group>"; };
		C99701AE2C9A468F009A3039 /* ContentView.swift */ = {isa = PBXFileReference; lastKnownFileType = sourcecode.swift; path = ContentView.swift; sourceTree = "<group>"; };
		C99701B02C9A468F009A3039 /* Item.swift */ = {isa = PBXFileReference; lastKnownFileType = sourcecode.swift; path = Item.swift; sourceTree = "<group>"; };
		C99701B22C9A4690009A3039 /* Assets.xcassets */ = {isa = PBXFileReference; lastKnownFileType = folder.assetcatalog; path = Assets.xcassets; sourceTree = "<group>"; };
		C99701B52C9A4690009A3039 /* Preview Assets.xcassets */ = {isa = PBXFileReference; lastKnownFileType = folder.assetcatalog; path = "Preview Assets.xcassets"; sourceTree = "<group>"; };
		C99701B72C9A4690009A3039 /* Survey.entitlements */ = {isa = PBXFileReference; lastKnownFileType = text.plist.entitlements; path = Survey.entitlements; sourceTree = "<group>"; };
		C99701BC2C9A4690009A3039 /* SurveyTests.xctest */ = {isa = PBXFileReference; explicitFileType = wrapper.cfbundle; includeInIndex = 0; path = SurveyTests.xctest; sourceTree = BUILT_PRODUCTS_DIR; };
		C99701C02C9A4690009A3039 /* SurveyTests.swift */ = {isa = PBXFileReference; lastKnownFileType = sourcecode.swift; path = SurveyTests.swift; sourceTree = "<group>"; };
		C99701C62C9A4690009A3039 /* SurveyUITests.xctest */ = {isa = PBXFileReference; explicitFileType = wrapper.cfbundle; includeInIndex = 0; path = SurveyUITests.xctest; sourceTree = BUILT_PRODUCTS_DIR; };
		C99701CA2C9A4690009A3039 /* SurveyUITests.swift */ = {isa = PBXFileReference; lastKnownFileType = sourcecode.swift; path = SurveyUITests.swift; sourceTree = "<group>"; };
		C99701CC2C9A4690009A3039 /* SurveyUITestsLaunchTests.swift */ = {isa = PBXFileReference; lastKnownFileType = sourcecode.swift; path = SurveyUITestsLaunchTests.swift; sourceTree = "<group>"; };
		C99701DF2C9A4F21009A3039 /* SurveyView.swift */ = {isa = PBXFileReference; lastKnownFileType = sourcecode.swift; path = SurveyView.swift; sourceTree = "<group>"; };
/* End PBXFileReference section */

/* Begin PBXFrameworksBuildPhase section */
		C99701A62C9A468F009A3039 /* Frameworks */ = {
			isa = PBXFrameworksBuildPhase;
			buildActionMask = 2147483647;
			files = (
				C99701DC2C9A4893009A3039 /* SwiftUIX in Frameworks */,
			);
			runOnlyForDeploymentPostprocessing = 0;
		};
		C99701B92C9A4690009A3039 /* Frameworks */ = {
			isa = PBXFrameworksBuildPhase;
			buildActionMask = 2147483647;
			files = (
				C99701E22C9A63BE009A3039 /* SwiftUIX in Frameworks */,
			);
			runOnlyForDeploymentPostprocessing = 0;
		};
		C99701C32C9A4690009A3039 /* Frameworks */ = {
			isa = PBXFrameworksBuildPhase;
			buildActionMask = 2147483647;
			files = (
			);
			runOnlyForDeploymentPostprocessing = 0;
		};
/* End PBXFrameworksBuildPhase section */

/* Begin PBXGroup section */
		C9377D222CA24E9900D51356 /* Models */ = {
			isa = PBXGroup;
			children = (
				C9377D232CA24EBC00D51356 /* InquiryModel.swift */,
				C9377D252CA24EF900D51356 /* SurveyModel.swift */,
			);
			path = Models;
			sourceTree = "<group>";
		};
		C9377D272CA24F1C00D51356 /* Network */ = {
			isa = PBXGroup;
			children = (
				C9377D282CA24F2C00D51356 /* MockServer.swift */,
				C9377D2D2CA24F9200D51356 /* db.json */,
			);
			path = Network;
			sourceTree = "<group>";
		};
		C9377D2A2CA24F4E00D51356 /* Helpers */ = {
			isa = PBXGroup;
			children = (
				C9377D2B2CA24F6E00D51356 /* Logger.swift */,
			);
			name = Helpers;
			sourceTree = "<group>";
		};
		C99701A02C9A468F009A3039 = {
			isa = PBXGroup;
			children = (
				C99701AB2C9A468F009A3039 /* Survey */,
				C99701BF2C9A4690009A3039 /* SurveyTests */,
				C99701C92C9A4690009A3039 /* SurveyUITests */,
				C99701AA2C9A468F009A3039 /* Products */,
				C99701DA2C9A488C009A3039 /* Frameworks */,
			);
			sourceTree = "<group>";
		};
		C99701AA2C9A468F009A3039 /* Products */ = {
			isa = PBXGroup;
			children = (
				C99701A92C9A468F009A3039 /* Survey.app */,
				C99701BC2C9A4690009A3039 /* SurveyTests.xctest */,
				C99701C62C9A4690009A3039 /* SurveyUITests.xctest */,
			);
			name = Products;
			sourceTree = "<group>";
		};
		C99701AB2C9A468F009A3039 /* Survey */ = {
			isa = PBXGroup;
			children = (
				C9377D2A2CA24F4E00D51356 /* Helpers */,
				C9377D272CA24F1C00D51356 /* Network */,
				C9377D222CA24E9900D51356 /* Models */,
				C99701B72C9A4690009A3039 /* Survey.entitlements */,
				C99701AE2C9A468F009A3039 /* ContentView.swift */,
				C99701DF2C9A4F21009A3039 /* SurveyView.swift */,
				C99701E32C9A6C03009A3039 /* Assets */,
				C99701AC2C9A468F009A3039 /* SurveyApp.swift */,
				C99701B02C9A468F009A3039 /* Item.swift */,
			);
			path = Survey;
			sourceTree = "<group>";
		};
		C99701BF2C9A4690009A3039 /* SurveyTests */ = {
			isa = PBXGroup;
			children = (
				C99701C02C9A4690009A3039 /* SurveyTests.swift */,
			);
			path = SurveyTests;
			sourceTree = "<group>";
		};
		C99701C92C9A4690009A3039 /* SurveyUITests */ = {
			isa = PBXGroup;
			children = (
				C99701CA2C9A4690009A3039 /* SurveyUITests.swift */,
				C99701CC2C9A4690009A3039 /* SurveyUITestsLaunchTests.swift */,
			);
			path = SurveyUITests;
			sourceTree = "<group>";
		};
		C99701DA2C9A488C009A3039 /* Frameworks */ = {
			isa = PBXGroup;
			children = (
			);
			name = Frameworks;
			sourceTree = "<group>";
		};
		C99701E32C9A6C03009A3039 /* Assets */ = {
			isa = PBXGroup;
			children = (
				C99701B52C9A4690009A3039 /* Preview Assets.xcassets */,
				C99701B22C9A4690009A3039 /* Assets.xcassets */,
			);
			path = Assets;
			sourceTree = "<group>";
		};
/* End PBXGroup section */

/* Begin PBXNativeTarget section */
		C99701A82C9A468F009A3039 /* Survey */ = {
			isa = PBXNativeTarget;
			buildConfigurationList = C99701D02C9A4690009A3039 /* Build configuration list for PBXNativeTarget "Survey" */;
			buildPhases = (
				C99701A52C9A468F009A3039 /* Sources */,
				C99701A62C9A468F009A3039 /* Frameworks */,
				C99701A72C9A468F009A3039 /* Resources */,
			);
			buildRules = (
			);
			dependencies = (
			);
			name = Survey;
			packageProductDependencies = (
				C99701DB2C9A4893009A3039 /* SwiftUIX */,
			);
			productName = Survey;
			productReference = C99701A92C9A468F009A3039 /* Survey.app */;
			productType = "com.apple.product-type.application";
		};
		C99701BB2C9A4690009A3039 /* SurveyTests */ = {
			isa = PBXNativeTarget;
			buildConfigurationList = C99701D32C9A4690009A3039 /* Build configuration list for PBXNativeTarget "SurveyTests" */;
			buildPhases = (
				C99701B82C9A4690009A3039 /* Sources */,
				C99701B92C9A4690009A3039 /* Frameworks */,
				C99701BA2C9A4690009A3039 /* Resources */,
			);
			buildRules = (
			);
			dependencies = (
				C99701BE2C9A4690009A3039 /* PBXTargetDependency */,
			);
			name = SurveyTests;
			packageProductDependencies = (
				C99701E12C9A63BE009A3039 /* SwiftUIX */,
			);
			productName = SurveyTests;
			productReference = C99701BC2C9A4690009A3039 /* SurveyTests.xctest */;
			productType = "com.apple.product-type.bundle.unit-test";
		};
		C99701C52C9A4690009A3039 /* SurveyUITests */ = {
			isa = PBXNativeTarget;
			buildConfigurationList = C99701D62C9A4690009A3039 /* Build configuration list for PBXNativeTarget "SurveyUITests" */;
			buildPhases = (
				C99701C22C9A4690009A3039 /* Sources */,
				C99701C32C9A4690009A3039 /* Frameworks */,
				C99701C42C9A4690009A3039 /* Resources */,
			);
			buildRules = (
			);
			dependencies = (
				C99701C82C9A4690009A3039 /* PBXTargetDependency */,
			);
			name = SurveyUITests;
			productName = SurveyUITests;
			productReference = C99701C62C9A4690009A3039 /* SurveyUITests.xctest */;
			productType = "com.apple.product-type.bundle.ui-testing";
		};
/* End PBXNativeTarget section */

/* Begin PBXProject section */
		C99701A12C9A468F009A3039 /* Project object */ = {
			isa = PBXProject;
			attributes = {
				BuildIndependentTargetsInParallel = 1;
				LastSwiftUpdateCheck = 1540;
				LastUpgradeCheck = 1540;
				TargetAttributes = {
					C99701A82C9A468F009A3039 = {
						CreatedOnToolsVersion = 15.4;
					};
					C99701BB2C9A4690009A3039 = {
						CreatedOnToolsVersion = 15.4;
						TestTargetID = C99701A82C9A468F009A3039;
					};
					C99701C52C9A4690009A3039 = {
						CreatedOnToolsVersion = 15.4;
						TestTargetID = C99701A82C9A468F009A3039;
					};
				};
			};
			buildConfigurationList = C99701A42C9A468F009A3039 /* Build configuration list for PBXProject "Survey" */;
			compatibilityVersion = "Xcode 14.0";
			developmentRegion = en;
			hasScannedForEncodings = 0;
			knownRegions = (
				en,
				Base,
			);
			mainGroup = C99701A02C9A468F009A3039;
			packageReferences = (
				C99701D92C9A47F6009A3039 /* XCRemoteSwiftPackageReference "SwiftUIX" */,
			);
			productRefGroup = C99701AA2C9A468F009A3039 /* Products */;
			projectDirPath = "";
			projectRoot = "";
			targets = (
				C99701A82C9A468F009A3039 /* Survey */,
				C99701BB2C9A4690009A3039 /* SurveyTests */,
				C99701C52C9A4690009A3039 /* SurveyUITests */,
			);
		};
/* End PBXProject section */

/* Begin PBXResourcesBuildPhase section */
		C99701A72C9A468F009A3039 /* Resources */ = {
			isa = PBXResourcesBuildPhase;
			buildActionMask = 2147483647;
			files = (
				C9377D2E2CA24F9200D51356 /* db.json in Resources */,
				C99701B62C9A4690009A3039 /* Preview Assets.xcassets in Resources */,
				C99701B32C9A4690009A3039 /* Assets.xcassets in Resources */,
			);
			runOnlyForDeploymentPostprocessing = 0;
		};
		C99701BA2C9A4690009A3039 /* Resources */ = {
			isa = PBXResourcesBuildPhase;
			buildActionMask = 2147483647;
			files = (
			);
			runOnlyForDeploymentPostprocessing = 0;
		};
		C99701C42C9A4690009A3039 /* Resources */ = {
			isa = PBXResourcesBuildPhase;
			buildActionMask = 2147483647;
			files = (
			);
			runOnlyForDeploymentPostprocessing = 0;
		};
/* End PBXResourcesBuildPhase section */

/* Begin PBXSourcesBuildPhase section */
		C99701A52C9A468F009A3039 /* Sources */ = {
			isa = PBXSourcesBuildPhase;
			buildActionMask = 2147483647;
			files = (
				C99701E02C9A4F21009A3039 /* SurveyView.swift in Sources */,
				C9377D262CA24EF900D51356 /* SurveyModel.swift in Sources */,
				C9377D292CA24F2C00D51356 /* MockServer.swift in Sources */,
				C99701AF2C9A468F009A3039 /* ContentView.swift in Sources */,
				C99701B12C9A468F009A3039 /* Item.swift in Sources */,
				C99701AD2C9A468F009A3039 /* SurveyApp.swift in Sources */,
				C9377D242CA24EBC00D51356 /* InquiryModel.swift in Sources */,
				C9377D2C2CA24F6E00D51356 /* Logger.swift in Sources */,
			);
			runOnlyForDeploymentPostprocessing = 0;
		};
		C99701B82C9A4690009A3039 /* Sources */ = {
			isa = PBXSourcesBuildPhase;
			buildActionMask = 2147483647;
			files = (
				C99701C12C9A4690009A3039 /* SurveyTests.swift in Sources */,
			);
			runOnlyForDeploymentPostprocessing = 0;
		};
		C99701C22C9A4690009A3039 /* Sources */ = {
			isa = PBXSourcesBuildPhase;
			buildActionMask = 2147483647;
			files = (
				C99701CD2C9A4690009A3039 /* SurveyUITestsLaunchTests.swift in Sources */,
				C99701CB2C9A4690009A3039 /* SurveyUITests.swift in Sources */,
			);
			runOnlyForDeploymentPostprocessing = 0;
		};
/* End PBXSourcesBuildPhase section */

/* Begin PBXTargetDependency section */
		C99701BE2C9A4690009A3039 /* PBXTargetDependency */ = {
			isa = PBXTargetDependency;
			target = C99701A82C9A468F009A3039 /* Survey */;
			targetProxy = C99701BD2C9A4690009A3039 /* PBXContainerItemProxy */;
		};
		C99701C82C9A4690009A3039 /* PBXTargetDependency */ = {
			isa = PBXTargetDependency;
			target = C99701A82C9A468F009A3039 /* Survey */;
			targetProxy = C99701C72C9A4690009A3039 /* PBXContainerItemProxy */;
		};
/* End PBXTargetDependency section */

/* Begin XCBuildConfiguration section */
		C99701CE2C9A4690009A3039 /* Debug */ = {
			isa = XCBuildConfiguration;
			buildSettings = {
				ALWAYS_SEARCH_USER_PATHS = NO;
				ASSETCATALOG_COMPILER_GENERATE_SWIFT_ASSET_SYMBOL_EXTENSIONS = YES;
				CLANG_ANALYZER_NONNULL = YES;
				CLANG_ANALYZER_NUMBER_OBJECT_CONVERSION = YES_AGGRESSIVE;
				CLANG_CXX_LANGUAGE_STANDARD = "gnu++20";
				CLANG_ENABLE_MODULES = YES;
				CLANG_ENABLE_OBJC_ARC = YES;
				CLANG_ENABLE_OBJC_WEAK = YES;
				CLANG_WARN_BLOCK_CAPTURE_AUTORELEASING = YES;
				CLANG_WARN_BOOL_CONVERSION = YES;
				CLANG_WARN_COMMA = YES;
				CLANG_WARN_CONSTANT_CONVERSION = YES;
				CLANG_WARN_DEPRECATED_OBJC_IMPLEMENTATIONS = YES;
				CLANG_WARN_DIRECT_OBJC_ISA_USAGE = YES_ERROR;
				CLANG_WARN_DOCUMENTATION_COMMENTS = YES;
				CLANG_WARN_EMPTY_BODY = YES;
				CLANG_WARN_ENUM_CONVERSION = YES;
				CLANG_WARN_INFINITE_RECURSION = YES;
				CLANG_WARN_INT_CONVERSION = YES;
				CLANG_WARN_NON_LITERAL_NULL_CONVERSION = YES;
				CLANG_WARN_OBJC_IMPLICIT_RETAIN_SELF = YES;
				CLANG_WARN_OBJC_LITERAL_CONVERSION = YES;
				CLANG_WARN_OBJC_ROOT_CLASS = YES_ERROR;
				CLANG_WARN_QUOTED_INCLUDE_IN_FRAMEWORK_HEADER = YES;
				CLANG_WARN_RANGE_LOOP_ANALYSIS = YES;
				CLANG_WARN_STRICT_PROTOTYPES = YES;
				CLANG_WARN_SUSPICIOUS_MOVE = YES;
				CLANG_WARN_UNGUARDED_AVAILABILITY = YES_AGGRESSIVE;
				CLANG_WARN_UNREACHABLE_CODE = YES;
				CLANG_WARN__DUPLICATE_METHOD_MATCH = YES;
				COPY_PHASE_STRIP = NO;
				DEBUG_INFORMATION_FORMAT = dwarf;
				ENABLE_STRICT_OBJC_MSGSEND = YES;
				ENABLE_TESTABILITY = YES;
				ENABLE_USER_SCRIPT_SANDBOXING = YES;
				GCC_C_LANGUAGE_STANDARD = gnu17;
				GCC_DYNAMIC_NO_PIC = NO;
				GCC_NO_COMMON_BLOCKS = YES;
				GCC_OPTIMIZATION_LEVEL = 0;
				GCC_PREPROCESSOR_DEFINITIONS = (
					"DEBUG=1",
					"$(inherited)",
				);
				GCC_WARN_64_TO_32_BIT_CONVERSION = YES;
				GCC_WARN_ABOUT_RETURN_TYPE = YES_ERROR;
				GCC_WARN_UNDECLARED_SELECTOR = YES;
				GCC_WARN_UNINITIALIZED_AUTOS = YES_AGGRESSIVE;
				GCC_WARN_UNUSED_FUNCTION = YES;
				GCC_WARN_UNUSED_VARIABLE = YES;
				LOCALIZATION_PREFERS_STRING_CATALOGS = YES;
				MACOSX_DEPLOYMENT_TARGET = 14.0;
				MTL_ENABLE_DEBUG_INFO = INCLUDE_SOURCE;
				MTL_FAST_MATH = YES;
				ONLY_ACTIVE_ARCH = YES;
				SDKROOT = macosx;
				SWIFT_ACTIVE_COMPILATION_CONDITIONS = "DEBUG $(inherited)";
				SWIFT_OPTIMIZATION_LEVEL = "-Onone";
			};
			name = Debug;
		};
		C99701CF2C9A4690009A3039 /* Release */ = {
			isa = XCBuildConfiguration;
			buildSettings = {
				ALWAYS_SEARCH_USER_PATHS = NO;
				ASSETCATALOG_COMPILER_GENERATE_SWIFT_ASSET_SYMBOL_EXTENSIONS = YES;
				CLANG_ANALYZER_NONNULL = YES;
				CLANG_ANALYZER_NUMBER_OBJECT_CONVERSION = YES_AGGRESSIVE;
				CLANG_CXX_LANGUAGE_STANDARD = "gnu++20";
				CLANG_ENABLE_MODULES = YES;
				CLANG_ENABLE_OBJC_ARC = YES;
				CLANG_ENABLE_OBJC_WEAK = YES;
				CLANG_WARN_BLOCK_CAPTURE_AUTORELEASING = YES;
				CLANG_WARN_BOOL_CONVERSION = YES;
				CLANG_WARN_COMMA = YES;
				CLANG_WARN_CONSTANT_CONVERSION = YES;
				CLANG_WARN_DEPRECATED_OBJC_IMPLEMENTATIONS = YES;
				CLANG_WARN_DIRECT_OBJC_ISA_USAGE = YES_ERROR;
				CLANG_WARN_DOCUMENTATION_COMMENTS = YES;
				CLANG_WARN_EMPTY_BODY = YES;
				CLANG_WARN_ENUM_CONVERSION = YES;
				CLANG_WARN_INFINITE_RECURSION = YES;
				CLANG_WARN_INT_CONVERSION = YES;
				CLANG_WARN_NON_LITERAL_NULL_CONVERSION = YES;
				CLANG_WARN_OBJC_IMPLICIT_RETAIN_SELF = YES;
				CLANG_WARN_OBJC_LITERAL_CONVERSION = YES;
				CLANG_WARN_OBJC_ROOT_CLASS = YES_ERROR;
				CLANG_WARN_QUOTED_INCLUDE_IN_FRAMEWORK_HEADER = YES;
				CLANG_WARN_RANGE_LOOP_ANALYSIS = YES;
				CLANG_WARN_STRICT_PROTOTYPES = YES;
				CLANG_WARN_SUSPICIOUS_MOVE = YES;
				CLANG_WARN_UNGUARDED_AVAILABILITY = YES_AGGRESSIVE;
				CLANG_WARN_UNREACHABLE_CODE = YES;
				CLANG_WARN__DUPLICATE_METHOD_MATCH = YES;
				COPY_PHASE_STRIP = NO;
				DEBUG_INFORMATION_FORMAT = "dwarf-with-dsym";
				ENABLE_NS_ASSERTIONS = NO;
				ENABLE_STRICT_OBJC_MSGSEND = YES;
				ENABLE_USER_SCRIPT_SANDBOXING = YES;
				GCC_C_LANGUAGE_STANDARD = gnu17;
				GCC_NO_COMMON_BLOCKS = YES;
				GCC_WARN_64_TO_32_BIT_CONVERSION = YES;
				GCC_WARN_ABOUT_RETURN_TYPE = YES_ERROR;
				GCC_WARN_UNDECLARED_SELECTOR = YES;
				GCC_WARN_UNINITIALIZED_AUTOS = YES_AGGRESSIVE;
				GCC_WARN_UNUSED_FUNCTION = YES;
				GCC_WARN_UNUSED_VARIABLE = YES;
				LOCALIZATION_PREFERS_STRING_CATALOGS = YES;
				MACOSX_DEPLOYMENT_TARGET = 14.0;
				MTL_ENABLE_DEBUG_INFO = NO;
				MTL_FAST_MATH = YES;
				SDKROOT = macosx;
				SWIFT_COMPILATION_MODE = wholemodule;
			};
			name = Release;
		};
		C99701D12C9A4690009A3039 /* Debug */ = {
			isa = XCBuildConfiguration;
			buildSettings = {
				ASSETCATALOG_COMPILER_APPICON_NAME = AppIcon;
				ASSETCATALOG_COMPILER_GLOBAL_ACCENT_COLOR_NAME = AccentColor;
				CODE_SIGN_ENTITLEMENTS = Survey/Survey.entitlements;
				"CODE_SIGN_IDENTITY[sdk=macosx*]" = "-";
				CODE_SIGN_STYLE = Automatic;
				COMBINE_HIDPI_IMAGES = YES;
				CURRENT_PROJECT_VERSION = 1;
				DEVELOPMENT_ASSET_PATHS = "\"Survey\"";
				ENABLE_PREVIEWS = YES;
				GENERATE_INFOPLIST_FILE = YES;
				INFOPLIST_KEY_NSHumanReadableCopyright = "";
				INFOPLIST_KEY_UISupportedInterfaceOrientations = UIInterfaceOrientationPortrait;
				IPHONEOS_DEPLOYMENT_TARGET = 0;
				LD_RUNPATH_SEARCH_PATHS = (
					"$(inherited)",
					"@executable_path/../Frameworks",
				);
				MACOSX_DEPLOYMENT_TARGET = 14.0;
				MARKETING_VERSION = 1.0;
				PRODUCT_BUNDLE_IDENTIFIER = "Incredihire-LLC.Survey";
				PRODUCT_NAME = "$(TARGET_NAME)";
				SUPPORTED_PLATFORMS = macosx;
				SUPPORTS_MACCATALYST = NO;
				SWIFT_EMIT_LOC_STRINGS = YES;
				SWIFT_VERSION = 5.0;
			};
			name = Debug;
		};
		C99701D22C9A4690009A3039 /* Release */ = {
			isa = XCBuildConfiguration;
			buildSettings = {
				ASSETCATALOG_COMPILER_APPICON_NAME = AppIcon;
				ASSETCATALOG_COMPILER_GLOBAL_ACCENT_COLOR_NAME = AccentColor;
				CODE_SIGN_ENTITLEMENTS = Survey/Survey.entitlements;
				"CODE_SIGN_IDENTITY[sdk=macosx*]" = "-";
				CODE_SIGN_STYLE = Automatic;
				COMBINE_HIDPI_IMAGES = YES;
				CURRENT_PROJECT_VERSION = 1;
				DEVELOPMENT_ASSET_PATHS = "\"Survey\"";
				ENABLE_PREVIEWS = YES;
				GENERATE_INFOPLIST_FILE = YES;
				INFOPLIST_KEY_NSHumanReadableCopyright = "";
				INFOPLIST_KEY_UISupportedInterfaceOrientations = UIInterfaceOrientationPortrait;
				IPHONEOS_DEPLOYMENT_TARGET = 0;
				LD_RUNPATH_SEARCH_PATHS = (
					"$(inherited)",
					"@executable_path/../Frameworks",
				);
				MACOSX_DEPLOYMENT_TARGET = 14.0;
				MARKETING_VERSION = 1.0;
				PRODUCT_BUNDLE_IDENTIFIER = "Incredihire-LLC.Survey";
				PRODUCT_NAME = "$(TARGET_NAME)";
				SUPPORTED_PLATFORMS = macosx;
				SUPPORTS_MACCATALYST = NO;
				SWIFT_EMIT_LOC_STRINGS = YES;
				SWIFT_VERSION = 5.0;
			};
			name = Release;
		};
		C99701D42C9A4690009A3039 /* Debug */ = {
			isa = XCBuildConfiguration;
			buildSettings = {
				ALWAYS_EMBED_SWIFT_STANDARD_LIBRARIES = YES;
				BUNDLE_LOADER = "$(TEST_HOST)";
				CODE_SIGN_STYLE = Automatic;
				CURRENT_PROJECT_VERSION = 1;
				GENERATE_INFOPLIST_FILE = YES;
				MACOSX_DEPLOYMENT_TARGET = 14.0;
				MARKETING_VERSION = 1.0;
				PRODUCT_BUNDLE_IDENTIFIER = "Incredihire-LLC.SurveyTests";
				PRODUCT_NAME = "$(TARGET_NAME)";
				SUPPORTED_PLATFORMS = "iphoneos iphonesimulator macosx";
				SUPPORTS_MACCATALYST = NO;
				SWIFT_EMIT_LOC_STRINGS = NO;
				SWIFT_VERSION = 5.0;
				TARGETED_DEVICE_FAMILY = "1,2";
				TEST_HOST = "$(BUILT_PRODUCTS_DIR)/Survey.app/$(BUNDLE_EXECUTABLE_FOLDER_PATH)/Survey";
			};
			name = Debug;
		};
		C99701D52C9A4690009A3039 /* Release */ = {
			isa = XCBuildConfiguration;
			buildSettings = {
				ALWAYS_EMBED_SWIFT_STANDARD_LIBRARIES = YES;
				BUNDLE_LOADER = "$(TEST_HOST)";
				CODE_SIGN_STYLE = Automatic;
				CURRENT_PROJECT_VERSION = 1;
				GENERATE_INFOPLIST_FILE = YES;
				MACOSX_DEPLOYMENT_TARGET = 14.0;
				MARKETING_VERSION = 1.0;
				PRODUCT_BUNDLE_IDENTIFIER = "Incredihire-LLC.SurveyTests";
				PRODUCT_NAME = "$(TARGET_NAME)";
				SUPPORTED_PLATFORMS = "iphoneos iphonesimulator macosx";
				SUPPORTS_MACCATALYST = NO;
				SWIFT_EMIT_LOC_STRINGS = NO;
				SWIFT_VERSION = 5.0;
				TARGETED_DEVICE_FAMILY = "1,2";
				TEST_HOST = "$(BUILT_PRODUCTS_DIR)/Survey.app/$(BUNDLE_EXECUTABLE_FOLDER_PATH)/Survey";
			};
			name = Release;
		};
		C99701D72C9A4690009A3039 /* Debug */ = {
			isa = XCBuildConfiguration;
			buildSettings = {
				ALWAYS_EMBED_SWIFT_STANDARD_LIBRARIES = YES;
				CODE_SIGN_STYLE = Automatic;
				CURRENT_PROJECT_VERSION = 1;
				GENERATE_INFOPLIST_FILE = YES;
				MARKETING_VERSION = 1.0;
				PRODUCT_BUNDLE_IDENTIFIER = "Incredihire-LLC.SurveyUITests";
				PRODUCT_NAME = "$(TARGET_NAME)";
				SWIFT_EMIT_LOC_STRINGS = NO;
				SWIFT_VERSION = 5.0;
				TEST_TARGET_NAME = Survey;
			};
			name = Debug;
		};
		C99701D82C9A4690009A3039 /* Release */ = {
			isa = XCBuildConfiguration;
			buildSettings = {
				ALWAYS_EMBED_SWIFT_STANDARD_LIBRARIES = YES;
				CODE_SIGN_STYLE = Automatic;
				CURRENT_PROJECT_VERSION = 1;
				GENERATE_INFOPLIST_FILE = YES;
				MARKETING_VERSION = 1.0;
				PRODUCT_BUNDLE_IDENTIFIER = "Incredihire-LLC.SurveyUITests";
				PRODUCT_NAME = "$(TARGET_NAME)";
				SWIFT_EMIT_LOC_STRINGS = NO;
				SWIFT_VERSION = 5.0;
				TEST_TARGET_NAME = Survey;
			};
			name = Release;
		};
/* End XCBuildConfiguration section */

/* Begin XCConfigurationList section */
		C99701A42C9A468F009A3039 /* Build configuration list for PBXProject "Survey" */ = {
			isa = XCConfigurationList;
			buildConfigurations = (
				C99701CE2C9A4690009A3039 /* Debug */,
				C99701CF2C9A4690009A3039 /* Release */,
			);
			defaultConfigurationIsVisible = 0;
			defaultConfigurationName = Release;
		};
		C99701D02C9A4690009A3039 /* Build configuration list for PBXNativeTarget "Survey" */ = {
			isa = XCConfigurationList;
			buildConfigurations = (
				C99701D12C9A4690009A3039 /* Debug */,
				C99701D22C9A4690009A3039 /* Release */,
			);
			defaultConfigurationIsVisible = 0;
			defaultConfigurationName = Release;
		};
		C99701D32C9A4690009A3039 /* Build configuration list for PBXNativeTarget "SurveyTests" */ = {
			isa = XCConfigurationList;
			buildConfigurations = (
				C99701D42C9A4690009A3039 /* Debug */,
				C99701D52C9A4690009A3039 /* Release */,
			);
			defaultConfigurationIsVisible = 0;
			defaultConfigurationName = Release;
		};
		C99701D62C9A4690009A3039 /* Build configuration list for PBXNativeTarget "SurveyUITests" */ = {
			isa = XCConfigurationList;
			buildConfigurations = (
				C99701D72C9A4690009A3039 /* Debug */,
				C99701D82C9A4690009A3039 /* Release */,
			);
			defaultConfigurationIsVisible = 0;
			defaultConfigurationName = Release;
		};
/* End XCConfigurationList section */

/* Begin XCRemoteSwiftPackageReference section */
		C99701D92C9A47F6009A3039 /* XCRemoteSwiftPackageReference "SwiftUIX" */ = {
			isa = XCRemoteSwiftPackageReference;
			repositoryURL = "https://github.com/SwiftUIX/SwiftUIX";
			requirement = {
				kind = upToNextMajorVersion;
				minimumVersion = 0.2.2;
			};
		};
/* End XCRemoteSwiftPackageReference section */

/* Begin XCSwiftPackageProductDependency section */
		C99701DB2C9A4893009A3039 /* SwiftUIX */ = {
			isa = XCSwiftPackageProductDependency;
			package = C99701D92C9A47F6009A3039 /* XCRemoteSwiftPackageReference "SwiftUIX" */;
			productName = SwiftUIX;
		};
		C99701E12C9A63BE009A3039 /* SwiftUIX */ = {
			isa = XCSwiftPackageProductDependency;
			package = C99701D92C9A47F6009A3039 /* XCRemoteSwiftPackageReference "SwiftUIX" */;
			productName = SwiftUIX;
		};
/* End XCSwiftPackageProductDependency section */
	};
	rootObject = C99701A12C9A468F009A3039 /* Project object */;
}
